
Microsoft Visual Studio Solution File, Format Version 12.00
# Visual Studio Version 17
VisualStudioVersion = 17.2.32630.192
MinimumVisualStudioVersion = 10.0.40219.1
Project("{FAE04EC0-301F-11D3-BF4B-00C04F79EFBC}") = "Data_Access_Layer", "Data_Access_Layer\Data_Access_Layer.csproj", "{1AEA8C37-B83D-40A6-8664-FB5DF5CE63BC}"
EndProject
Project("{FAE04EC0-301F-11D3-BF4B-00C04F79EFBC}") = "Session3_Employee", "Session3_Employee\Session3_Employee.csproj", "{D0273C77-FAF6-4AEB-A596-D351086066FD}"
EndProject
Global
	GlobalSection(SolutionConfigurationPlatforms) = preSolution
		Debug|Any CPU = Debug|Any CPU
		Release|Any CPU = Release|Any CPU
	EndGlobalSection
	GlobalSection(ProjectConfigurationPlatforms) = postSolution
		{1AEA8C37-B83D-40A6-8664-FB5DF5CE63BC}.Debug|Any CPU.ActiveCfg = Debug|Any CPU
		{1AEA8C37-B83D-40A6-8664-FB5DF5CE63BC}.Debug|Any CPU.Build.0 = Debug|Any CPU
		{1AEA8C37-B83D-40A6-8664-FB5DF5CE63BC}.Release|Any CPU.ActiveCfg = Release|Any CPU
		{1AEA8C37-B83D-40A6-8664-FB5DF5CE63BC}.Release|Any CPU.Build.0 = Release|Any CPU
		{D0273C77-FAF6-4AEB-A596-D351086066FD}.Debug|Any CPU.ActiveCfg = Debug|Any CPU
		{D0273C77-FAF6-4AEB-A596-D351086066FD}.Debug|Any CPU.Build.0 = Debug|Any CPU
		{D0273C77-FAF6-4AEB-A596-D351086066FD}.Release|Any CPU.ActiveCfg = Release|Any CPU
		{D0273C77-FAF6-4AEB-A596-D351086066FD}.Release|Any CPU.Build.0 = Release|Any CPU
	EndGlobalSection
	GlobalSection(SolutionProperties) = preSolution
		HideSolutionNode = FALSE
	EndGlobalSection
	GlobalSection(ExtensibilityGlobals) = postSolution
		SolutionGuid = {E149EC9C-0C5D-428F-8930-CAA6EC02BBBF}
	EndGlobalSection
EndGlobal
